// !$*UTF8*$!
{
	archiveVersion = 1;
	classes = {
	};
	objectVersion = 46;
	objects = {

/* Begin PBXBuildFile section */
		A815772E1C4AA75C00BB66B5 /* LaunchScreen.storyboard in Resources */ = {isa = PBXBuildFile; fileRef = A815772C1C4AA75C00BB66B5 /* LaunchScreen.storyboard */; };
		A82B29351C4C166300A1AC4B /* LLNavigationController.m in Sources */ = {isa = PBXBuildFile; fileRef = A82B29341C4C166300A1AC4B /* LLNavigationController.m */; };
		A82B29381C4C2CD600A1AC4B /* UIBarButtonItem+Extension.m in Sources */ = {isa = PBXBuildFile; fileRef = A82B29371C4C2CD600A1AC4B /* UIBarButtonItem+Extension.m */; };
		A82C80161C53D3B8008C2EB9 /* LLNewfeatureCollectionViewController.m in Sources */ = {isa = PBXBuildFile; fileRef = A82C80151C53D3B8008C2EB9 /* LLNewfeatureCollectionViewController.m */; };
		A82CECCA1C5B55D300ED8A65 /* Assets.xcassets in Resources */ = {isa = PBXBuildFile; fileRef = A82CECC91C5B55D300ED8A65 /* Assets.xcassets */; };
		A82CECD21C5B592600ED8A65 /* LLSettingTableViewController.m in Sources */ = {isa = PBXBuildFile; fileRef = A82CECD11C5B592600ED8A65 /* LLSettingTableViewController.m */; };
		A82CECD41C5B649400ED8A65 /* setting.plist in Resources */ = {isa = PBXBuildFile; fileRef = A82CECD31C5B649400ED8A65 /* setting.plist */; };
		A82CECD71C5B7D3500ED8A65 /* LLSettingItem.m in Sources */ = {isa = PBXBuildFile; fileRef = A82CECD61C5B7D3500ED8A65 /* LLSettingItem.m */; };
		A83BBF841C59032600C68342 /* UIView+Frame.m in Sources */ = {isa = PBXBuildFile; fileRef = A83BBF831C59032600C68342 /* UIView+Frame.m */; };
		A83BBF8B1C59430900C68342 /* LLCollectionViewCell.m in Sources */ = {isa = PBXBuildFile; fileRef = A83BBF891C59430900C68342 /* LLCollectionViewCell.m */; };
		A83BBF8C1C59430900C68342 /* LLCollectionViewCell.xib in Resources */ = {isa = PBXBuildFile; fileRef = A83BBF8A1C59430900C68342 /* LLCollectionViewCell.xib */; };
		A862415F1C4AD2410048B872 /* LLTabBar.m in Sources */ = {isa = PBXBuildFile; fileRef = A862415E1C4AD2410048B872 /* LLTabBar.m */; };
		A86241621C4AD9990048B872 /* LLTabBarButton.m in Sources */ = {isa = PBXBuildFile; fileRef = A86241611C4AD9990048B872 /* LLTabBarButton.m */; };
		A8A1EDEC1C4ACA2200A2FB2F /* LLArenaViewController.m in Sources */ = {isa = PBXBuildFile; fileRef = A8A1EDBF1C4ACA2200A2FB2F /* LLArenaViewController.m */; };
		A8A1EDED1C4ACA2200A2FB2F /* LLArenaViewController.storyboard in Resources */ = {isa = PBXBuildFile; fileRef = A8A1EDC01C4ACA2200A2FB2F /* LLArenaViewController.storyboard */; };
		A8A1EDEE1C4ACA2200A2FB2F /* LLDiscoverTableViewController.m in Sources */ = {isa = PBXBuildFile; fileRef = A8A1EDC61C4ACA2200A2FB2F /* LLDiscoverTableViewController.m */; };
		A8A1EDEF1C4ACA2200A2FB2F /* LLDiscoverTableViewController.storyboard in Resources */ = {isa = PBXBuildFile; fileRef = A8A1EDC71C4ACA2200A2FB2F /* LLDiscoverTableViewController.storyboard */; };
		A8A1EDF01C4ACA2200A2FB2F /* LLHallTableViewController.m in Sources */ = {isa = PBXBuildFile; fileRef = A8A1EDCD1C4ACA2200A2FB2F /* LLHallTableViewController.m */; };
		A8A1EDF11C4ACA2200A2FB2F /* LLHallTableViewController.storyboard in Resources */ = {isa = PBXBuildFile; fileRef = A8A1EDCE1C4ACA2200A2FB2F /* LLHallTableViewController.storyboard */; };
		A8A1EDF21C4ACA2200A2FB2F /* LLHistoryTableViewController.m in Sources */ = {isa = PBXBuildFile; fileRef = A8A1EDD41C4ACA2200A2FB2F /* LLHistoryTableViewController.m */; };
		A8A1EDF31C4ACA2200A2FB2F /* LLHistoryTableViewController.storyboard in Resources */ = {isa = PBXBuildFile; fileRef = A8A1EDD51C4ACA2200A2FB2F /* LLHistoryTableViewController.storyboard */; };
		A8A1EDF41C4ACA2200A2FB2F /* LLTabBarController.m in Sources */ = {isa = PBXBuildFile; fileRef = A8A1EDDB1C4ACA2200A2FB2F /* LLTabBarController.m */; };
		A8A1EDF51C4ACA2200A2FB2F /* LLMineViewController.m in Sources */ = {isa = PBXBuildFile; fileRef = A8A1EDE11C4ACA2200A2FB2F /* LLMineViewController.m */; };
		A8A1EDF61C4ACA2200A2FB2F /* LLMineViewController.storyboard in Resources */ = {isa = PBXBuildFile; fileRef = A8A1EDE21C4ACA2200A2FB2F /* LLMineViewController.storyboard */; };
		A8A1EDF71C4ACA2200A2FB2F /* AppDelegate.m in Sources */ = {isa = PBXBuildFile; fileRef = A8A1EDE71C4ACA2200A2FB2F /* AppDelegate.m */; };
		A8A1EDF81C4ACA2200A2FB2F /* main.m in Sources */ = {isa = PBXBuildFile; fileRef = A8A1EDEA1C4ACA2200A2FB2F /* main.m */; };
/* End PBXBuildFile section */

/* Begin PBXFileReference section */
		A815771B1C4AA75C00BB66B5 /* LLLottery.app */ = {isa = PBXFileReference; explicitFileType = wrapper.application; includeInIndex = 0; path = LLLottery.app; sourceTree = BUILT_PRODUCTS_DIR; };
		A815772D1C4AA75C00BB66B5 /* Base */ = {isa = PBXFileReference; lastKnownFileType = file.storyboard; name = Base; path = Base.lproj/LaunchScreen.storyboard; sourceTree = "<group>"; };
		A815772F1C4AA75C00BB66B5 /* Info.plist */ = {isa = PBXFileReference; lastKnownFileType = text.plist.xml; path = Info.plist; sourceTree = "<group>"; };
		A82B29331C4C166300A1AC4B /* LLNavigationController.h */ = {isa = PBXFileReference; fileEncoding = 4; lastKnownFileType = sourcecode.c.h; path = LLNavigationController.h; sourceTree = "<group>"; };
		A82B29341C4C166300A1AC4B /* LLNavigationController.m */ = {isa = PBXFileReference; fileEncoding = 4; lastKnownFileType = sourcecode.c.objc; path = LLNavigationController.m; sourceTree = "<group>"; };
		A82B29361C4C2CD600A1AC4B /* UIBarButtonItem+Extension.h */ = {isa = PBXFileReference; fileEncoding = 4; lastKnownFileType = sourcecode.c.h; path = "UIBarButtonItem+Extension.h"; sourceTree = "<group>"; };
		A82B29371C4C2CD600A1AC4B /* UIBarButtonItem+Extension.m */ = {isa = PBXFileReference; fileEncoding = 4; lastKnownFileType = sourcecode.c.objc; path = "UIBarButtonItem+Extension.m"; sourceTree = "<group>"; };
		A82C80141C53D3B8008C2EB9 /* LLNewfeatureCollectionViewController.h */ = {isa = PBXFileReference; fileEncoding = 4; lastKnownFileType = sourcecode.c.h; path = LLNewfeatureCollectionViewController.h; sourceTree = "<group>"; };
		A82C80151C53D3B8008C2EB9 /* LLNewfeatureCollectionViewController.m */ = {isa = PBXFileReference; fileEncoding = 4; lastKnownFileType = sourcecode.c.objc; path = LLNewfeatureCollectionViewController.m; sourceTree = "<group>"; };
		A82CECC91C5B55D300ED8A65 /* Assets.xcassets */ = {isa = PBXFileReference; lastKnownFileType = folder.assetcatalog; path = Assets.xcassets; sourceTree = "<group>"; };
		A82CECD01C5B592600ED8A65 /* LLSettingTableViewController.h */ = {isa = PBXFileReference; fileEncoding = 4; lastKnownFileType = sourcecode.c.h; path = LLSettingTableViewController.h; sourceTree = "<group>"; };
		A82CECD11C5B592600ED8A65 /* LLSettingTableViewController.m */ = {isa = PBXFileReference; fileEncoding = 4; lastKnownFileType = sourcecode.c.objc; path = LLSettingTableViewController.m; sourceTree = "<group>"; };
		A82CECD31C5B649400ED8A65 /* setting.plist */ = {isa = PBXFileReference; fileEncoding = 4; lastKnownFileType = text.plist.xml; path = setting.plist; sourceTree = "<group>"; };
		A82CECD51C5B7D3500ED8A65 /* LLSettingItem.h */ = {isa = PBXFileReference; fileEncoding = 4; lastKnownFileType = sourcecode.c.h; path = LLSettingItem.h; sourceTree = "<group>"; };
		A82CECD61C5B7D3500ED8A65 /* LLSettingItem.m */ = {isa = PBXFileReference; fileEncoding = 4; lastKnownFileType = sourcecode.c.objc; path = LLSettingItem.m; sourceTree = "<group>"; };
		A83BBF821C59032600C68342 /* UIView+Frame.h */ = {isa = PBXFileReference; fileEncoding = 4; lastKnownFileType = sourcecode.c.h; path = "UIView+Frame.h"; sourceTree = "<group>"; };
		A83BBF831C59032600C68342 /* UIView+Frame.m */ = {isa = PBXFileReference; fileEncoding = 4; lastKnownFileType = sourcecode.c.objc; path = "UIView+Frame.m"; sourceTree = "<group>"; };
		A83BBF881C59430900C68342 /* LLCollectionViewCell.h */ = {isa = PBXFileReference; fileEncoding = 4; lastKnownFileType = sourcecode.c.h; path = LLCollectionViewCell.h; sourceTree = "<group>"; };
		A83BBF891C59430900C68342 /* LLCollectionViewCell.m */ = {isa = PBXFileReference; fileEncoding = 4; lastKnownFileType = sourcecode.c.objc; path = LLCollectionViewCell.m; sourceTree = "<group>"; };
		A83BBF8A1C59430900C68342 /* LLCollectionViewCell.xib */ = {isa = PBXFileReference; fileEncoding = 4; lastKnownFileType = file.xib; path = LLCollectionViewCell.xib; sourceTree = "<group>"; };
		A862415D1C4AD2410048B872 /* LLTabBar.h */ = {isa = PBXFileReference; fileEncoding = 4; lastKnownFileType = sourcecode.c.h; path = LLTabBar.h; sourceTree = "<group>"; };
		A862415E1C4AD2410048B872 /* LLTabBar.m */ = {isa = PBXFileReference; fileEncoding = 4; lastKnownFileType = sourcecode.c.objc; path = LLTabBar.m; sourceTree = "<group>"; };
		A86241601C4AD9990048B872 /* LLTabBarButton.h */ = {isa = PBXFileReference; fileEncoding = 4; lastKnownFileType = sourcecode.c.h; path = LLTabBarButton.h; sourceTree = "<group>"; };
		A86241611C4AD9990048B872 /* LLTabBarButton.m */ = {isa = PBXFileReference; fileEncoding = 4; lastKnownFileType = sourcecode.c.objc; path = LLTabBarButton.m; sourceTree = "<group>"; };
		A8A1EDBE1C4ACA2200A2FB2F /* LLArenaViewController.h */ = {isa = PBXFileReference; fileEncoding = 4; lastKnownFileType = sourcecode.c.h; path = LLArenaViewController.h; sourceTree = "<group>"; };
		A8A1EDBF1C4ACA2200A2FB2F /* LLArenaViewController.m */ = {isa = PBXFileReference; fileEncoding = 4; lastKnownFileType = sourcecode.c.objc; path = LLArenaViewController.m; sourceTree = "<group>"; };
		A8A1EDC01C4ACA2200A2FB2F /* LLArenaViewController.storyboard */ = {isa = PBXFileReference; fileEncoding = 4; lastKnownFileType = file.storyboard; path = LLArenaViewController.storyboard; sourceTree = "<group>"; };
		A8A1EDC51C4ACA2200A2FB2F /* LLDiscoverTableViewController.h */ = {isa = PBXFileReference; fileEncoding = 4; lastKnownFileType = sourcecode.c.h; path = LLDiscoverTableViewController.h; sourceTree = "<group>"; };
		A8A1EDC61C4ACA2200A2FB2F /* LLDiscoverTableViewController.m */ = {isa = PBXFileReference; fileEncoding = 4; lastKnownFileType = sourcecode.c.objc; path = LLDiscoverTableViewController.m; sourceTree = "<group>"; };
		A8A1EDC71C4ACA2200A2FB2F /* LLDiscoverTableViewController.storyboard */ = {isa = PBXFileReference; fileEncoding = 4; lastKnownFileType = file.storyboard; path = LLDiscoverTableViewController.storyboard; sourceTree = "<group>"; };
		A8A1EDCC1C4ACA2200A2FB2F /* LLHallTableViewController.h */ = {isa = PBXFileReference; fileEncoding = 4; lastKnownFileType = sourcecode.c.h; path = LLHallTableViewController.h; sourceTree = "<group>"; };
		A8A1EDCD1C4ACA2200A2FB2F /* LLHallTableViewController.m */ = {isa = PBXFileReference; fileEncoding = 4; lastKnownFileType = sourcecode.c.objc; path = LLHallTableViewController.m; sourceTree = "<group>"; };
		A8A1EDCE1C4ACA2200A2FB2F /* LLHallTableViewController.storyboard */ = {isa = PBXFileReference; fileEncoding = 4; lastKnownFileType = file.storyboard; path = LLHallTableViewController.storyboard; sourceTree = "<group>"; };
		A8A1EDD31C4ACA2200A2FB2F /* LLHistoryTableViewController.h */ = {isa = PBXFileReference; fileEncoding = 4; lastKnownFileType = sourcecode.c.h; path = LLHistoryTableViewController.h; sourceTree = "<group>"; };
		A8A1EDD41C4ACA2200A2FB2F /* LLHistoryTableViewController.m */ = {isa = PBXFileReference; fileEncoding = 4; lastKnownFileType = sourcecode.c.objc; path = LLHistoryTableViewController.m; sourceTree = "<group>"; };
		A8A1EDD51C4ACA2200A2FB2F /* LLHistoryTableViewController.storyboard */ = {isa = PBXFileReference; fileEncoding = 4; lastKnownFileType = file.storyboard; path = LLHistoryTableViewController.storyboard; sourceTree = "<group>"; };
		A8A1EDDA1C4ACA2200A2FB2F /* LLTabBarController.h */ = {isa = PBXFileReference; fileEncoding = 4; lastKnownFileType = sourcecode.c.h; path = LLTabBarController.h; sourceTree = "<group>"; };
		A8A1EDDB1C4ACA2200A2FB2F /* LLTabBarController.m */ = {isa = PBXFileReference; fileEncoding = 4; lastKnownFileType = sourcecode.c.objc; path = LLTabBarController.m; sourceTree = "<group>"; };
		A8A1EDE01C4ACA2200A2FB2F /* LLMineViewController.h */ = {isa = PBXFileReference; fileEncoding = 4; lastKnownFileType = sourcecode.c.h; path = LLMineViewController.h; sourceTree = "<group>"; };
		A8A1EDE11C4ACA2200A2FB2F /* LLMineViewController.m */ = {isa = PBXFileReference; fileEncoding = 4; lastKnownFileType = sourcecode.c.objc; path = LLMineViewController.m; sourceTree = "<group>"; };
		A8A1EDE21C4ACA2200A2FB2F /* LLMineViewController.storyboard */ = {isa = PBXFileReference; fileEncoding = 4; lastKnownFileType = file.storyboard; path = LLMineViewController.storyboard; sourceTree = "<group>"; };
		A8A1EDE61C4ACA2200A2FB2F /* AppDelegate.h */ = {isa = PBXFileReference; fileEncoding = 4; lastKnownFileType = sourcecode.c.h; path = AppDelegate.h; sourceTree = "<group>"; };
		A8A1EDE71C4ACA2200A2FB2F /* AppDelegate.m */ = {isa = PBXFileReference; fileEncoding = 4; lastKnownFileType = sourcecode.c.objc; path = AppDelegate.m; sourceTree = "<group>"; };
		A8A1EDEA1C4ACA2200A2FB2F /* main.m */ = {isa = PBXFileReference; fileEncoding = 4; lastKnownFileType = sourcecode.c.objc; path = main.m; sourceTree = "<group>"; };
		A8A1EDEB1C4ACA2200A2FB2F /* PrefixHeader.pch */ = {isa = PBXFileReference; fileEncoding = 4; lastKnownFileType = sourcecode.c.h; path = PrefixHeader.pch; sourceTree = "<group>"; };
/* End PBXFileReference section */

/* Begin PBXFrameworksBuildPhase section */
		A81577181C4AA75C00BB66B5 /* Frameworks */ = {
			isa = PBXFrameworksBuildPhase;
			buildActionMask = 2147483647;
			files = (
			);
			runOnlyForDeploymentPostprocessing = 0;
		};
/* End PBXFrameworksBuildPhase section */

/* Begin PBXGroup section */
		A81577121C4AA75C00BB66B5 = {
			isa = PBXGroup;
			children = (
				A815771D1C4AA75C00BB66B5 /* LLLottery */,
				A815771C1C4AA75C00BB66B5 /* Products */,
			);
			sourceTree = "<group>";
		};
		A815771C1C4AA75C00BB66B5 /* Products */ = {
			isa = PBXGroup;
			children = (
				A815771B1C4AA75C00BB66B5 /* LLLottery.app */,
			);
			name = Products;
			sourceTree = "<group>";
		};
		A815771D1C4AA75C00BB66B5 /* LLLottery */ = {
			isa = PBXGroup;
			children = (
				A8A1EDBB1C4ACA2200A2FB2F /* Classes */,
				A815771E1C4AA75C00BB66B5 /* Supporting Files */,
			);
			path = LLLottery;
			sourceTree = "<group>";
		};
		A815771E1C4AA75C00BB66B5 /* Supporting Files */ = {
			isa = PBXGroup;
			children = (
				A82CECC91C5B55D300ED8A65 /* Assets.xcassets */,
				A815772F1C4AA75C00BB66B5 /* Info.plist */,
				A815772C1C4AA75C00BB66B5 /* LaunchScreen.storyboard */,
				A82CECD31C5B649400ED8A65 /* setting.plist */,
			);
			name = "Supporting Files";
			sourceTree = "<group>";
		};
		A82C80101C53D391008C2EB9 /* Newfeature */ = {
			isa = PBXGroup;
			children = (
				A82C80111C53D391008C2EB9 /* Controller */,
				A82C80121C53D391008C2EB9 /* Model */,
				A82C80131C53D391008C2EB9 /* View */,
			);
			path = Newfeature;
			sourceTree = "<group>";
		};
		A82C80111C53D391008C2EB9 /* Controller */ = {
			isa = PBXGroup;
			children = (
				A82C80141C53D3B8008C2EB9 /* LLNewfeatureCollectionViewController.h */,
				A82C80151C53D3B8008C2EB9 /* LLNewfeatureCollectionViewController.m */,
			);
			path = Controller;
			sourceTree = "<group>";
		};
		A82C80121C53D391008C2EB9 /* Model */ = {
			isa = PBXGroup;
			children = (
			);
			path = Model;
			sourceTree = "<group>";
		};
		A82C80131C53D391008C2EB9 /* View */ = {
			isa = PBXGroup;
			children = (
				A83BBF881C59430900C68342 /* LLCollectionViewCell.h */,
				A83BBF891C59430900C68342 /* LLCollectionViewCell.m */,
				A83BBF8A1C59430900C68342 /* LLCollectionViewCell.xib */,
			);
			path = View;
			sourceTree = "<group>";
		};
		A82CECCB1C5B590A00ED8A65 /* Setting */ = {
			isa = PBXGroup;
			children = (
				A82CECCC1C5B590A00ED8A65 /* Controller */,
				A82CECCD1C5B590A00ED8A65 /* Model */,
				A82CECCE1C5B590A00ED8A65 /* Others */,
				A82CECCF1C5B590A00ED8A65 /* Views */,
			);
			path = Setting;
			sourceTree = "<group>";
		};
		A82CECCC1C5B590A00ED8A65 /* Controller */ = {
			isa = PBXGroup;
			children = (
				A82CECD01C5B592600ED8A65 /* LLSettingTableViewController.h */,
				A82CECD11C5B592600ED8A65 /* LLSettingTableViewController.m */,
			);
			path = Controller;
			sourceTree = "<group>";
		};
		A82CECCD1C5B590A00ED8A65 /* Model */ = {
			isa = PBXGroup;
			children = (
				A82CECD51C5B7D3500ED8A65 /* LLSettingItem.h */,
				A82CECD61C5B7D3500ED8A65 /* LLSettingItem.m */,
			);
			path = Model;
			sourceTree = "<group>";
		};
		A82CECCE1C5B590A00ED8A65 /* Others */ = {
			isa = PBXGroup;
			children = (
			);
			path = Others;
			sourceTree = "<group>";
		};
		A82CECCF1C5B590A00ED8A65 /* Views */ = {
			isa = PBXGroup;
			children = (
			);
			path = Views;
			sourceTree = "<group>";
		};
		A8A1EDBB1C4ACA2200A2FB2F /* Classes */ = {
			isa = PBXGroup;
			children = (
				A82CECCB1C5B590A00ED8A65 /* Setting */,
				A82C80101C53D391008C2EB9 /* Newfeature */,
				A8A1EDBC1C4ACA2200A2FB2F /* Arena */,
				A8A1EDC31C4ACA2200A2FB2F /* Discover */,
				A8A1EDCA1C4ACA2200A2FB2F /* Hall */,
				A8A1EDD11C4ACA2200A2FB2F /* History */,
				A8A1EDD81C4ACA2200A2FB2F /* Main */,
				A8A1EDDE1C4ACA2200A2FB2F /* Mine */,
				A8A1EDE51C4ACA2200A2FB2F /* Others */,
			);
			path = Classes;
			sourceTree = "<group>";
		};
		A8A1EDBC1C4ACA2200A2FB2F /* Arena */ = {
			isa = PBXGroup;
			children = (
				A8A1EDBD1C4ACA2200A2FB2F /* Controller */,
				A8A1EDC11C4ACA2200A2FB2F /* Model */,
				A8A1EDC21C4ACA2200A2FB2F /* Views */,
			);
			path = Arena;
			sourceTree = "<group>";
		};
		A8A1EDBD1C4ACA2200A2FB2F /* Controller */ = {
			isa = PBXGroup;
			children = (
				A8A1EDBE1C4ACA2200A2FB2F /* LLArenaViewController.h */,
				A8A1EDBF1C4ACA2200A2FB2F /* LLArenaViewController.m */,
				A8A1EDC01C4ACA2200A2FB2F /* LLArenaViewController.storyboard */,
			);
			path = Controller;
			sourceTree = "<group>";
		};
		A8A1EDC11C4ACA2200A2FB2F /* Model */ = {
			isa = PBXGroup;
			children = (
			);
			path = Model;
			sourceTree = "<group>";
		};
		A8A1EDC21C4ACA2200A2FB2F /* Views */ = {
			isa = PBXGroup;
			children = (
			);
			path = Views;
			sourceTree = "<group>";
		};
		A8A1EDC31C4ACA2200A2FB2F /* Discover */ = {
			isa = PBXGroup;
			children = (
				A8A1EDC41C4ACA2200A2FB2F /* Controller */,
				A8A1EDC81C4ACA2200A2FB2F /* Model */,
				A8A1EDC91C4ACA2200A2FB2F /* Views */,
			);
			path = Discover;
			sourceTree = "<group>";
		};
		A8A1EDC41C4ACA2200A2FB2F /* Controller */ = {
			isa = PBXGroup;
			children = (
				A8A1EDC51C4ACA2200A2FB2F /* LLDiscoverTableViewController.h */,
				A8A1EDC61C4ACA2200A2FB2F /* LLDiscoverTableViewController.m */,
				A8A1EDC71C4ACA2200A2FB2F /* LLDiscoverTableViewController.storyboard */,
			);
			path = Controller;
			sourceTree = "<group>";
		};
		A8A1EDC81C4ACA2200A2FB2F /* Model */ = {
			isa = PBXGroup;
			children = (
			);
			path = Model;
			sourceTree = "<group>";
		};
		A8A1EDC91C4ACA2200A2FB2F /* Views */ = {
			isa = PBXGroup;
			children = (
			);
			path = Views;
			sourceTree = "<group>";
		};
		A8A1EDCA1C4ACA2200A2FB2F /* Hall */ = {
			isa = PBXGroup;
			children = (
				A8A1EDCB1C4ACA2200A2FB2F /* Controller */,
				A8A1EDCF1C4ACA2200A2FB2F /* Model */,
				A8A1EDD01C4ACA2200A2FB2F /* Views */,
			);
			path = Hall;
			sourceTree = "<group>";
		};
		A8A1EDCB1C4ACA2200A2FB2F /* Controller */ = {
			isa = PBXGroup;
			children = (
				A8A1EDCC1C4ACA2200A2FB2F /* LLHallTableViewController.h */,
				A8A1EDCD1C4ACA2200A2FB2F /* LLHallTableViewController.m */,
				A8A1EDCE1C4ACA2200A2FB2F /* LLHallTableViewController.storyboard */,
			);
			path = Controller;
			sourceTree = "<group>";
		};
		A8A1EDCF1C4ACA2200A2FB2F /* Model */ = {
			isa = PBXGroup;
			children = (
			);
			path = Model;
			sourceTree = "<group>";
		};
		A8A1EDD01C4ACA2200A2FB2F /* Views */ = {
			isa = PBXGroup;
			children = (
			);
			path = Views;
			sourceTree = "<group>";
		};
		A8A1EDD11C4ACA2200A2FB2F /* History */ = {
			isa = PBXGroup;
			children = (
				A8A1EDD21C4ACA2200A2FB2F /* Controller */,
				A8A1EDD61C4ACA2200A2FB2F /* Model */,
				A8A1EDD71C4ACA2200A2FB2F /* Views */,
			);
			path = History;
			sourceTree = "<group>";
		};
		A8A1EDD21C4ACA2200A2FB2F /* Controller */ = {
			isa = PBXGroup;
			children = (
				A8A1EDD31C4ACA2200A2FB2F /* LLHistoryTableViewController.h */,
				A8A1EDD41C4ACA2200A2FB2F /* LLHistoryTableViewController.m */,
				A8A1EDD51C4ACA2200A2FB2F /* LLHistoryTableViewController.storyboard */,
			);
			path = Controller;
			sourceTree = "<group>";
		};
		A8A1EDD61C4ACA2200A2FB2F /* Model */ = {
			isa = PBXGroup;
			children = (
			);
			path = Model;
			sourceTree = "<group>";
		};
		A8A1EDD71C4ACA2200A2FB2F /* Views */ = {
			isa = PBXGroup;
			children = (
			);
			path = Views;
			sourceTree = "<group>";
		};
		A8A1EDD81C4ACA2200A2FB2F /* Main */ = {
			isa = PBXGroup;
			children = (
				A8A1EDD91C4ACA2200A2FB2F /* Controller */,
				A8A1EDDC1C4ACA2200A2FB2F /* Model */,
				A8A1EDDD1C4ACA2200A2FB2F /* Views */,
			);
			path = Main;
			sourceTree = "<group>";
		};
		A8A1EDD91C4ACA2200A2FB2F /* Controller */ = {
			isa = PBXGroup;
			children = (
				A8A1EDDA1C4ACA2200A2FB2F /* LLTabBarController.h */,
				A8A1EDDB1C4ACA2200A2FB2F /* LLTabBarController.m */,
				A82B29331C4C166300A1AC4B /* LLNavigationController.h */,
				A82B29341C4C166300A1AC4B /* LLNavigationController.m */,
			);
			path = Controller;
			sourceTree = "<group>";
		};
		A8A1EDDC1C4ACA2200A2FB2F /* Model */ = {
			isa = PBXGroup;
			children = (
			);
			path = Model;
			sourceTree = "<group>";
		};
		A8A1EDDD1C4ACA2200A2FB2F /* Views */ = {
			isa = PBXGroup;
			children = (
				A862415D1C4AD2410048B872 /* LLTabBar.h */,
				A862415E1C4AD2410048B872 /* LLTabBar.m */,
				A86241601C4AD9990048B872 /* LLTabBarButton.h */,
				A86241611C4AD9990048B872 /* LLTabBarButton.m */,
			);
			path = Views;
			sourceTree = "<group>";
		};
		A8A1EDDE1C4ACA2200A2FB2F /* Mine */ = {
			isa = PBXGroup;
			children = (
				A8A1EDDF1C4ACA2200A2FB2F /* Controller */,
				A8A1EDE31C4ACA2200A2FB2F /* Model */,
				A8A1EDE41C4ACA2200A2FB2F /* Views */,
			);
			path = Mine;
			sourceTree = "<group>";
		};
		A8A1EDDF1C4ACA2200A2FB2F /* Controller */ = {
			isa = PBXGroup;
			children = (
				A8A1EDE01C4ACA2200A2FB2F /* LLMineViewController.h */,
				A8A1EDE11C4ACA2200A2FB2F /* LLMineViewController.m */,
				A8A1EDE21C4ACA2200A2FB2F /* LLMineViewController.storyboard */,
			);
			path = Controller;
			sourceTree = "<group>";
		};
		A8A1EDE31C4ACA2200A2FB2F /* Model */ = {
			isa = PBXGroup;
			children = (
			);
			path = Model;
			sourceTree = "<group>";
		};
		A8A1EDE41C4ACA2200A2FB2F /* Views */ = {
			isa = PBXGroup;
			children = (
			);
			path = Views;
			sourceTree = "<group>";
		};
		A8A1EDE51C4ACA2200A2FB2F /* Others */ = {
			isa = PBXGroup;
			children = (
				A8A1EDE61C4ACA2200A2FB2F /* AppDelegate.h */,
				A8A1EDE71C4ACA2200A2FB2F /* AppDelegate.m */,
				A8A1EDE81C4ACA2200A2FB2F /* Category */,
				A8A1EDE91C4ACA2200A2FB2F /* Libs */,
				A8A1EDEA1C4ACA2200A2FB2F /* main.m */,
				A8A1EDEB1C4ACA2200A2FB2F /* PrefixHeader.pch */,
			);
			path = Others;
			sourceTree = "<group>";
		};
		A8A1EDE81C4ACA2200A2FB2F /* Category */ = {
			isa = PBXGroup;
			children = (
				A82B29361C4C2CD600A1AC4B /* UIBarButtonItem+Extension.h */,
				A82B29371C4C2CD600A1AC4B /* UIBarButtonItem+Extension.m */,
				A83BBF821C59032600C68342 /* UIView+Frame.h */,
				A83BBF831C59032600C68342 /* UIView+Frame.m */,
			);
			path = Category;
			sourceTree = "<group>";
		};
		A8A1EDE91C4ACA2200A2FB2F /* Libs */ = {
			isa = PBXGroup;
			children = (
			);
			path = Libs;
			sourceTree = "<group>";
		};
/* End PBXGroup section */

/* Begin PBXNativeTarget section */
		A815771A1C4AA75C00BB66B5 /* LLLottery */ = {
			isa = PBXNativeTarget;
			buildConfigurationList = A81577321C4AA75C00BB66B5 /* Build configuration list for PBXNativeTarget "LLLottery" */;
			buildPhases = (
				A81577171C4AA75C00BB66B5 /* Sources */,
				A81577181C4AA75C00BB66B5 /* Frameworks */,
				A81577191C4AA75C00BB66B5 /* Resources */,
			);
			buildRules = (
			);
			dependencies = (
			);
			name = LLLottery;
			productName = LLLottery;
			productReference = A815771B1C4AA75C00BB66B5 /* LLLottery.app */;
			productType = "com.apple.product-type.application";
		};
/* End PBXNativeTarget section */

/* Begin PBXProject section */
		A81577131C4AA75C00BB66B5 /* Project object */ = {
			isa = PBXProject;
			attributes = {
				CLASSPREFIX = LL;
				LastUpgradeCheck = 0720;
				ORGANIZATIONNAME = Upriver;
				TargetAttributes = {
					A815771A1C4AA75C00BB66B5 = {
						CreatedOnToolsVersion = 7.2;
						DevelopmentTeam = MBTTHTUMW2;
					};
				};
			};
			buildConfigurationList = A81577161C4AA75C00BB66B5 /* Build configuration list for PBXProject "LLLottery" */;
			compatibilityVersion = "Xcode 3.2";
			developmentRegion = English;
			hasScannedForEncodings = 0;
			knownRegions = (
				en,
				Base,
			);
			mainGroup = A81577121C4AA75C00BB66B5;
			productRefGroup = A815771C1C4AA75C00BB66B5 /* Products */;
			projectDirPath = "";
			projectRoot = "";
			targets = (
				A815771A1C4AA75C00BB66B5 /* LLLottery */,
			);
		};
/* End PBXProject section */

/* Begin PBXResourcesBuildPhase section */
		A81577191C4AA75C00BB66B5 /* Resources */ = {
			isa = PBXResourcesBuildPhase;
			buildActionMask = 2147483647;
			files = (
				A83BBF8C1C59430900C68342 /* LLCollectionViewCell.xib in Resources */,
				A815772E1C4AA75C00BB66B5 /* LaunchScreen.storyboard in Resources */,
				A8A1EDEF1C4ACA2200A2FB2F /* LLDiscoverTableViewController.storyboard in Resources */,
				A8A1EDF61C4ACA2200A2FB2F /* LLMineViewController.storyboard in Resources */,
				A8A1EDF31C4ACA2200A2FB2F /* LLHistoryTableViewController.storyboard in Resources */,
				A8A1EDF11C4ACA2200A2FB2F /* LLHallTableViewController.storyboard in Resources */,
				A82CECD41C5B649400ED8A65 /* setting.plist in Resources */,
				A82CECCA1C5B55D300ED8A65 /* Assets.xcassets in Resources */,
				A8A1EDED1C4ACA2200A2FB2F /* LLArenaViewController.storyboard in Resources */,
			);
			runOnlyForDeploymentPostprocessing = 0;
		};
/* End PBXResourcesBuildPhase section */

/* Begin PBXSourcesBuildPhase section */
		A81577171C4AA75C00BB66B5 /* Sources */ = {
			isa = PBXSourcesBuildPhase;
			buildActionMask = 2147483647;
			files = (
				A82B29381C4C2CD600A1AC4B /* UIBarButtonItem+Extension.m in Sources */,
				A8A1EDEE1C4ACA2200A2FB2F /* LLDiscoverTableViewController.m in Sources */,
				A8A1EDF01C4ACA2200A2FB2F /* LLHallTableViewController.m in Sources */,
				A83BBF841C59032600C68342 /* UIView+Frame.m in Sources */,
				A8A1EDF41C4ACA2200A2FB2F /* LLTabBarController.m in Sources */,
				A82CECD71C5B7D3500ED8A65 /* LLSettingItem.m in Sources */,
				A86241621C4AD9990048B872 /* LLTabBarButton.m in Sources */,
				A82CECD21C5B592600ED8A65 /* LLSettingTableViewController.m in Sources */,
				A83BBF8B1C59430900C68342 /* LLCollectionViewCell.m in Sources */,
				A8A1EDF21C4ACA2200A2FB2F /* LLHistoryTableViewController.m in Sources */,
				A8A1EDEC1C4ACA2200A2FB2F /* LLArenaViewController.m in Sources */,
				A862415F1C4AD2410048B872 /* LLTabBar.m in Sources */,
				A82B29351C4C166300A1AC4B /* LLNavigationController.m in Sources */,
				A8A1EDF51C4ACA2200A2FB2F /* LLMineViewController.m in Sources */,
				A8A1EDF81C4ACA2200A2FB2F /* main.m in Sources */,
				A82C80161C53D3B8008C2EB9 /* LLNewfeatureCollectionViewController.m in Sources */,
				A8A1EDF71C4ACA2200A2FB2F /* AppDelegate.m in Sources */,
			);
			runOnlyForDeploymentPostprocessing = 0;
		};
/* End PBXSourcesBuildPhase section */

/* Begin PBXVariantGroup section */
		A815772C1C4AA75C00BB66B5 /* LaunchScreen.storyboard */ = {
			isa = PBXVariantGroup;
			children = (
				A815772D1C4AA75C00BB66B5 /* Base */,
			);
			name = LaunchScreen.storyboard;
			sourceTree = "<group>";
		};
/* End PBXVariantGroup section */

/* Begin XCBuildConfiguration section */
		A81577301C4AA75C00BB66B5 /* Debug */ = {
			isa = XCBuildConfiguration;
			buildSettings = {
				ALWAYS_SEARCH_USER_PATHS = NO;
				CLANG_CXX_LANGUAGE_STANDARD = "gnu++0x";
				CLANG_CXX_LIBRARY = "libc++";
				CLANG_ENABLE_MODULES = YES;
				CLANG_ENABLE_OBJC_ARC = YES;
				CLANG_WARN_BOOL_CONVERSION = YES;
				CLANG_WARN_CONSTANT_CONVERSION = YES;
				CLANG_WARN_DIRECT_OBJC_ISA_USAGE = YES_ERROR;
				CLANG_WARN_EMPTY_BODY = YES;
				CLANG_WARN_ENUM_CONVERSION = YES;
				CLANG_WARN_INT_CONVERSION = YES;
				CLANG_WARN_OBJC_ROOT_CLASS = YES_ERROR;
				CLANG_WARN_UNREACHABLE_CODE = YES;
				CLANG_WARN__DUPLICATE_METHOD_MATCH = YES;
				"CODE_SIGN_IDENTITY[sdk=iphoneos*]" = "iPhone Developer";
				COPY_PHASE_STRIP = NO;
				DEBUG_INFORMATION_FORMAT = dwarf;
				ENABLE_STRICT_OBJC_MSGSEND = YES;
				ENABLE_TESTABILITY = YES;
				GCC_C_LANGUAGE_STANDARD = gnu99;
				GCC_DYNAMIC_NO_PIC = NO;
				GCC_NO_COMMON_BLOCKS = YES;
				GCC_OPTIMIZATION_LEVEL = 0;
				GCC_PREPROCESSOR_DEFINITIONS = (
					"DEBUG=1",
					"$(inherited)",
				);
				GCC_WARN_64_TO_32_BIT_CONVERSION = YES;
				GCC_WARN_ABOUT_RETURN_TYPE = YES_ERROR;
				GCC_WARN_UNDECLARED_SELECTOR = YES;
				GCC_WARN_UNINITIALIZED_AUTOS = YES_AGGRESSIVE;
				GCC_WARN_UNUSED_FUNCTION = YES;
				GCC_WARN_UNUSED_VARIABLE = YES;
				IPHONEOS_DEPLOYMENT_TARGET = 9.2;
				MTL_ENABLE_DEBUG_INFO = YES;
				ONLY_ACTIVE_ARCH = YES;
				SDKROOT = iphoneos;
				TARGETED_DEVICE_FAMILY = "1,2";
			};
			name = Debug;
		};
		A81577311C4AA75C00BB66B5 /* Release */ = {
			isa = XCBuildConfiguration;
			buildSettings = {
				ALWAYS_SEARCH_USER_PATHS = NO;
				CLANG_CXX_LANGUAGE_STANDARD = "gnu++0x";
				CLANG_CXX_LIBRARY = "libc++";
				CLANG_ENABLE_MODULES = YES;
				CLANG_ENABLE_OBJC_ARC = YES;
				CLANG_WARN_BOOL_CONVERSION = YES;
				CLANG_WARN_CONSTANT_CONVERSION = YES;
				CLANG_WARN_DIRECT_OBJC_ISA_USAGE = YES_ERROR;
				CLANG_WARN_EMPTY_BODY = YES;
				CLANG_WARN_ENUM_CONVERSION = YES;
				CLANG_WARN_INT_CONVERSION = YES;
				CLANG_WARN_OBJC_ROOT_CLASS = YES_ERROR;
				CLANG_WARN_UNREACHABLE_CODE = YES;
				CLANG_WARN__DUPLICATE_METHOD_MATCH = YES;
				"CODE_SIGN_IDENTITY[sdk=iphoneos*]" = "iPhone Developer";
				COPY_PHASE_STRIP = NO;
				DEBUG_INFORMATION_FORMAT = "dwarf-with-dsym";
				ENABLE_NS_ASSERTIONS = NO;
				ENABLE_STRICT_OBJC_MSGSEND = YES;
				GCC_C_LANGUAGE_STANDARD = gnu99;
				GCC_NO_COMMON_BLOCKS = YES;
				GCC_WARN_64_TO_32_BIT_CONVERSION = YES;
				GCC_WARN_ABOUT_RETURN_TYPE = YES_ERROR;
				GCC_WARN_UNDECLARED_SELECTOR = YES;
				GCC_WARN_UNINITIALIZED_AUTOS = YES_AGGRESSIVE;
				GCC_WARN_UNUSED_FUNCTION = YES;
				GCC_WARN_UNUSED_VARIABLE = YES;
				IPHONEOS_DEPLOYMENT_TARGET = 9.2;
				MTL_ENABLE_DEBUG_INFO = NO;
				SDKROOT = iphoneos;
				TARGETED_DEVICE_FAMILY = "1,2";
				VALIDATE_PRODUCT = YES;
			};
			name = Release;
		};
		A81577331C4AA75C00BB66B5 /* Debug */ = {
			isa = XCBuildConfiguration;
			buildSettings = {
				ASSETCATALOG_COMPILER_APPICON_NAME = AppIcon;
				GCC_PREFIX_HEADER = "$(SRCROOT)/LLLottery/Classes/Others/PrefixHeader.pch";
				INFOPLIST_FILE = LLLottery/Info.plist;
				IPHONEOS_DEPLOYMENT_TARGET = 7.0;
				LD_RUNPATH_SEARCH_PATHS = "$(inherited) @executable_path/Frameworks";
				PRODUCT_BUNDLE_IDENTIFIER = LL.LLLottery;
				PRODUCT_NAME = "$(TARGET_NAME)";
				TARGETED_DEVICE_FAMILY = "1,2";
			};
			name = Debug;
		};
		A81577341C4AA75C00BB66B5 /* Release */ = {
			isa = XCBuildConfiguration;
			buildSettings = {
				ASSETCATALOG_COMPILER_APPICON_NAME = AppIcon;
				GCC_PREFIX_HEADER = "$(SRCROOT)/LLLottery/Classes/Others/PrefixHeader.pch";
				INFOPLIST_FILE = LLLottery/Info.plist;
				IPHONEOS_DEPLOYMENT_TARGET = 7.0;
				LD_RUNPATH_SEARCH_PATHS = "$(inherited) @executable_path/Frameworks";
				PRODUCT_BUNDLE_IDENTIFIER = LL.LLLottery;
				PRODUCT_NAME = "$(TARGET_NAME)";
				TARGETED_DEVICE_FAMILY = "1,2";
			};
			name = Release;
		};
/* End XCBuildConfiguration section */

/* Begin XCConfigurationList section */
		A81577161C4AA75C00BB66B5 /* Build configuration list for PBXProject "LLLottery" */ = {
			isa = XCConfigurationList;
			buildConfigurations = (
				A81577301C4AA75C00BB66B5 /* Debug */,
				A81577311C4AA75C00BB66B5 /* Release */,
			);
			defaultConfigurationIsVisible = 0;
			defaultConfigurationName = Release;
		};
		A81577321C4AA75C00BB66B5 /* Build configuration list for PBXNativeTarget "LLLottery" */ = {
			isa = XCConfigurationList;
			buildConfigurations = (
				A81577331C4AA75C00BB66B5 /* Debug */,
				A81577341C4AA75C00BB66B5 /* Release */,
			);
			defaultConfigurationIsVisible = 0;
			defaultConfigurationName = Release;
		};
/* End XCConfigurationList section */
	};
	rootObject = A81577131C4AA75C00BB66B5 /* Project object */;
}
